{
  "version": 4,
  "terraform_version": "1.8.2",
  "serial": 1,
  "lineage": "0c64c5dd-5486-eab2-7ccf-14451f636757",
  "outputs": {},
  "resources": [
    {
      "mode": "managed",
      "type": "aws_vpc",
      "name": "test",
      "provider": "provider[\"registry.terraform.io/hashicorp/aws\"]",
      "instances": [
        {
          "schema_version": 1,
          "attributes": {
            "arn": "arn:aws:ec2:us-east-1:637423595621:vpc/vpc-0b23152dadf6cc075",
            "assign_generated_ipv6_cidr_block": false,
            "cidr_block": "10.0.0.0/16",
            "default_network_acl_id": "acl-01c66ce6f069c39b2",
            "default_route_table_id": "rtb-01843e5eb0c40ef6b",
            "default_security_group_id": "sg-0ca700f14a3ba8641",
            "dhcp_options_id": "dopt-0095307689f7d35b2",
            "enable_dns_hostnames": false,
            "enable_dns_support": true,
            "enable_network_address_usage_metrics": false,
            "id": "vpc-0b23152dadf6cc075",
            "instance_tenancy": "default",
            "ipv4_ipam_pool_id": null,
            "ipv4_netmask_length": null,
            "ipv6_association_id": "",
            "ipv6_cidr_block": "",
            "ipv6_cidr_block_network_border_group": "",
            "ipv6_ipam_pool_id": "",
            "ipv6_netmask_length": 0,
            "main_route_table_id": "rtb-01843e5eb0c40ef6b",
            "owner_id": "637423595621",
            "tags": {
              "Name": "secondary"
            },
            "tags_all": {
              "Name": "secondary"
            }
          },
          "sensitive_attributes": [],
          "private": "eyJzY2hlbWFfdmVyc2lvbiI6IjEifQ=="
        }
      ]
    }
  ],
  "check_results": null
}
