{
  "version": 4,
  "terraform_version": "1.8.2",
  "serial": 5,
  "lineage": "fef7684d-e2a0-dba2-ab0b-32463ac63c11",
  "outputs": {
    "aws_ec2_instances": {
      "value": {
        "ami": "ubuntu-asdf12",
        "instances": 4,
        "keys": [
          "key1.pem",
          "key2.pem"
        ],
        "name": "test_ec2_instance"
      },
      "type": [
        "object",
        {
          "ami": "string",
          "instances": "number",
          "keys": [
            "list",
            "string"
          ],
          "name": "string"
        }
      ]
    },
    "tf_batch_students": {
      "value": "",
      "type": "string"
    }
  },
  "resources": [
    {
      "mode": "managed",
      "type": "local_file",
      "name": "devops",
      "provider": "provider[\"registry.terraform.io/hashicorp/local\"]",
      "instances": [
        {
          "schema_version": 0,
          "attributes": {
            "content": "this is content 1",
            "content_base64": null,
            "content_base64sha256": "75hagqxSUEXAeZ4I94XLajf9ruiGwp7/39tmZJqDwyE=",
            "content_base64sha512": "ZOSUyQSdX6OoOFSEascFSZvP8c6DaXBMkSc26PyvhlGfMtrC7HkKKxp2O+cTyUcDeROTIcjUBdICk4TQov9bCA==",
            "content_md5": "db83e7f5977839e0b21974d753edc505",
            "content_sha1": "b437c6be38858a6bd6f0d425e055106eb87980cc",
            "content_sha256": "ef985a82ac525045c0799e08f785cb6a37fdaee886c29effdfdb66649a83c321",
            "content_sha512": "64e494c9049d5fa3a83854846ac705499bcff1ce8369704c912736e8fcaf86519f32dac2ec790a2b1a763be713c9470379139321c8d405d2029384d0a2ff5b08",
            "directory_permission": "0777",
            "file_permission": "0777",
            "filename": "/root/terraform/terraform-variable/file1.txt",
            "id": "b437c6be38858a6bd6f0d425e055106eb87980cc",
            "sensitive_content": null,
            "source": null
          },
          "sensitive_attributes": [
            [
              {
                "type": "get_attr",
                "value": "sensitive_content"
              }
            ]
          ]
        }
      ]
    },
    {
      "mode": "managed",
      "type": "local_file",
      "name": "devops-var",
      "provider": "provider[\"registry.terraform.io/hashicorp/local\"]",
      "instances": [
        {
          "schema_version": 0,
          "attributes": {
            "content": "this is content2",
            "content_base64": null,
            "content_base64sha256": "Gdzw5MYCVZR5RyqayEkOPuthkFwm7PRNm4ZWa7O7Kr4=",
            "content_base64sha512": "L9HmdRPdbXelBczqtmPNoIlqxd1cwYtt6OD7S1VQ2nvgfukp+SXPpE36AaU7JFlejhPdKcBt93Xlmt8JuTiWsg==",
            "content_md5": "793ea3cf2fb547e613cf205b2f9ee647",
            "content_sha1": "b123b46140bafa26b89dd633268cee7ef89ac33a",
            "content_sha256": "19dcf0e4c602559479472a9ac8490e3eeb61905c26ecf44d9b86566bb3bb2abe",
            "content_sha512": "2fd1e67513dd6d77a505cceab663cda0896ac5dd5cc18b6de8e0fb4b5550da7be07ee929f925cfa44dfa01a53b24595e8e13dd29c06df775e59adf09b93896b2",
            "directory_permission": "0777",
            "file_permission": "0777",
            "filename": "/root/terraform/terraform-variable/file2.txt",
            "id": "b123b46140bafa26b89dd633268cee7ef89ac33a",
            "sensitive_content": null,
            "source": null
          },
          "sensitive_attributes": [
            [
              {
                "type": "get_attr",
                "value": "sensitive_content"
              }
            ]
          ]
        }
      ]
    }
  ],
  "check_results": null
}
